
Microsoft Visual Studio Solution File, Format Version 12.00
# Visual Studio 15
VisualStudioVersion = 15.0.28307.421
MinimumVisualStudioVersion = 10.0.40219.1
Project("{FAE04EC0-301F-11D3-BF4B-00C04F79EFBC}") = "AzureRemoteManagement", "AzureRemoteManagement\AzureRemoteManagement.csproj", "{8F8529A5-BAD6-4840-89E6-1DB064683781}"
EndProject
Global
	GlobalSection(SolutionConfigurationPlatforms) = preSolution
		Debug|Any CPU = Debug|Any CPU
		Release|Any CPU = Release|Any CPU
	EndGlobalSection
	GlobalSection(ProjectConfigurationPlatforms) = postSolution
		{8F8529A5-BAD6-4840-89E6-1DB064683781}.Debug|Any CPU.ActiveCfg = Debug|Any CPU
		{8F8529A5-BAD6-4840-89E6-1DB064683781}.Debug|Any CPU.Build.0 = Debug|Any CPU
		{8F8529A5-BAD6-4840-89E6-1DB064683781}.Release|Any CPU.ActiveCfg = Release|Any CPU
		{8F8529A5-BAD6-4840-89E6-1DB064683781}.Release|Any CPU.Build.0 = Release|Any CPU
	EndGlobalSection
	GlobalSection(SolutionProperties) = preSolution
		HideSolutionNode = FALSE
	EndGlobalSection
	GlobalSection(ExtensibilityGlobals) = postSolution
		SolutionGuid = {EE2DDE7E-B347-42AD-AEE6-970654B3DDCC}
	EndGlobalSection
EndGlobal
